# Generated by pub
# See http://pub.dartlang.org/doc/glossary.html#lockfile
packages:
  bignum:
    description: bignum
    source: hosted
    version: "0.0.5"
  browser:
    description: browser
    source: hosted
    version: "0.10.0+2"
  cipher:
    description: cipher
    source: hosted
    version: "0.7.1"
  crypto:
    description: crypto
    source: hosted
    version: "0.9.0"
  fixnum:
    description: fixnum
    source: hosted
    version: "0.9.0"
  play_pixi:
    description:
      path: "..\\play_pixi"
      relative: true
    source: path
    version: "0.9.4+1"
  uuid:
    description: uuid
    source: hosted
    version: "0.3.2"
